// !$*UTF8*$!
{
	archiveVersion = 1;
	classes = {
	};
	objectVersion = 50;
	objects = {

/* Begin PBXBuildFile section */
		6A681030215CB42700DA548B /* AppDelegate.m in Sources */ = {isa = PBXBuildFile; fileRef = 6A68102F215CB42700DA548B /* AppDelegate.m */; };
		6A681033215CB42700DA548B /* ViewController.m in Sources */ = {isa = PBXBuildFile; fileRef = 6A681032215CB42700DA548B /* ViewController.m */; };
		6A681036215CB42700DA548B /* Main.storyboard in Resources */ = {isa = PBXBuildFile; fileRef = 6A681034215CB42700DA548B /* Main.storyboard */; };
		6A681038215CB42800DA548B /* Assets.xcassets in Resources */ = {isa = PBXBuildFile; fileRef = 6A681037215CB42800DA548B /* Assets.xcassets */; };
		6A68103B215CB42800DA548B /* LaunchScreen.storyboard in Resources */ = {isa = PBXBuildFile; fileRef = 6A681039215CB42800DA548B /* LaunchScreen.storyboard */; };
		6A68103E215CB42800DA548B /* main.m in Sources */ = {isa = PBXBuildFile; fileRef = 6A68103D215CB42800DA548B /* main.m */; };
/* End PBXBuildFile section */

/* Begin PBXFileReference section */
		6A68102B215CB42700DA548B /* BarCodetest.app */ = {isa = PBXFileReference; explicitFileType = wrapper.application; includeInIndex = 0; path = BarCodetest.app; sourceTree = BUILT_PRODUCTS_DIR; };
		6A68102E215CB42700DA548B /* AppDelegate.h */ = {isa = PBXFileReference; lastKnownFileType = sourcecode.c.h; path = AppDelegate.h; sourceTree = "<group>"; };
		6A68102F215CB42700DA548B /* AppDelegate.m */ = {isa = PBXFileReference; lastKnownFileType = sourcecode.c.objc; path = AppDelegate.m; sourceTree = "<group>"; };
		6A681031215CB42700DA548B /* ViewController.h */ = {isa = PBXFileReference; lastKnownFileType = sourcecode.c.h; path = ViewController.h; sourceTree = "<group>"; };
		6A681032215CB42700DA548B /* ViewController.m */ = {isa = PBXFileReference; lastKnownFileType = sourcecode.c.objc; path = ViewController.m; sourceTree = "<group>"; };
		6A681035215CB42700DA548B /* Base */ = {isa = PBXFileReference; lastKnownFileType = file.storyboard; name = Base; path = Base.lproj/Main.storyboard; sourceTree = "<group>"; };
		6A681037215CB42800DA548B /* Assets.xcassets */ = {isa = PBXFileReference; lastKnownFileType = folder.assetcatalog; path = Assets.xcassets; sourceTree = "<group>"; };
		6A68103A215CB42800DA548B /* Base */ = {isa = PBXFileReference; lastKnownFileType = file.storyboard; name = Base; path = Base.lproj/LaunchScreen.storyboard; sourceTree = "<group>"; };
		6A68103C215CB42800DA548B /* Info.plist */ = {isa = PBXFileReference; lastKnownFileType = text.plist.xml; path = Info.plist; sourceTree = "<group>"; };
		6A68103D215CB42800DA548B /* main.m */ = {isa = PBXFileReference; lastKnownFileType = sourcecode.c.objc; path = main.m; sourceTree = "<group>"; };
/* End PBXFileReference section */

/* Begin PBXFrameworksBuildPhase section */
		6A681028215CB42700DA548B /* Frameworks */ = {
			isa = PBXFrameworksBuildPhase;
			buildActionMask = 2147483647;
			files = (
			);
			runOnlyForDeploymentPostprocessing = 0;
		};
/* End PBXFrameworksBuildPhase section */

/* Begin PBXGroup section */
		6A681022215CB42700DA548B = {
			isa = PBXGroup;
			children = (
				6A68102D215CB42700DA548B /* BarCodetest */,
				6A68102C215CB42700DA548B /* Products */,
			);
			sourceTree = "<group>";
		};
		6A68102C215CB42700DA548B /* Products */ = {
			isa = PBXGroup;
			children = (
				6A68102B215CB42700DA548B /* BarCodetest.app */,
			);
			name = Products;
			sourceTree = "<group>";
		};
		6A68102D215CB42700DA548B /* BarCodetest */ = {
			isa = PBXGroup;
			children = (
				6A68102E215CB42700DA548B /* AppDelegate.h */,
				6A68102F215CB42700DA548B /* AppDelegate.m */,
				6A681031215CB42700DA548B /* ViewController.h */,
				6A681032215CB42700DA548B /* ViewController.m */,
				6A681034215CB42700DA548B /* Main.storyboard */,
				6A681037215CB42800DA548B /* Assets.xcassets */,
				6A681039215CB42800DA548B /* LaunchScreen.storyboard */,
				6A68103C215CB42800DA548B /* Info.plist */,
				6A68103D215CB42800DA548B /* main.m */,
			);
			path = BarCodetest;
			sourceTree = "<group>";
		};
/* End PBXGroup section */

/* Begin PBXNativeTarget section */
		6A68102A215CB42700DA548B /* BarCodetest */ = {
			isa = PBXNativeTarget;
			buildConfigurationList = 6A681041215CB42800DA548B /* Build configuration list for PBXNativeTarget "BarCodetest" */;
			buildPhases = (
				6A681027215CB42700DA548B /* Sources */,
				6A681028215CB42700DA548B /* Frameworks */,
				6A681029215CB42700DA548B /* Resources */,
			);
			buildRules = (
			);
			dependencies = (
			);
			name = BarCodetest;
			productName = BarCodetest;
			productReference = 6A68102B215CB42700DA548B /* BarCodetest.app */;
			productType = "com.apple.product-type.application";
		};
/* End PBXNativeTarget section */

/* Begin PBXProject section */
		6A681023215CB42700DA548B /* Project object */ = {
			isa = PBXProject;
			attributes = {
				LastUpgradeCheck = 1000;
				ORGANIZATIONNAME = Minewtech;
				TargetAttributes = {
					6A68102A215CB42700DA548B = {
						CreatedOnToolsVersion = 10.0;
					};
				};
			};
			buildConfigurationList = 6A681026215CB42700DA548B /* Build configuration list for PBXProject "BarCodetest" */;
			compatibilityVersion = "Xcode 9.3";
			developmentRegion = en;
			hasScannedForEncodings = 0;
			knownRegions = (
				en,
				Base,
			);
			mainGroup = 6A681022215CB42700DA548B;
			productRefGroup = 6A68102C215CB42700DA548B /* Products */;
			projectDirPath = "";
			projectRoot = "";
			targets = (
				6A68102A215CB42700DA548B /* BarCodetest */,
			);
		};
/* End PBXProject section */

/* Begin PBXResourcesBuildPhase section */
		6A681029215CB42700DA548B /* Resources */ = {
			isa = PBXResourcesBuildPhase;
			buildActionMask = 2147483647;
			files = (
				6A68103B215CB42800DA548B /* LaunchScreen.storyboard in Resources */,
				6A681038215CB42800DA548B /* Assets.xcassets in Resources */,
				6A681036215CB42700DA548B /* Main.storyboard in Resources */,
			);
			runOnlyForDeploymentPostprocessing = 0;
		};
/* End PBXResourcesBuildPhase section */

/* Begin PBXSourcesBuildPhase section */
		6A681027215CB42700DA548B /* Sources */ = {
			isa = PBXSourcesBuildPhase;
			buildActionMask = 2147483647;
			files = (
				6A681033215CB42700DA548B /* ViewController.m in Sources */,
				6A68103E215CB42800DA548B /* main.m in Sources */,
				6A681030215CB42700DA548B /* AppDelegate.m in Sources */,
			);
			runOnlyForDeploymentPostprocessing = 0;
		};
/* End PBXSourcesBuildPhase section */

/* Begin PBXVariantGroup section */
		6A681034215CB42700DA548B /* Main.storyboard */ = {
			isa = PBXVariantGroup;
			children = (
				6A681035215CB42700DA548B /* Base */,
			);
			name = Main.storyboard;
			sourceTree = "<group>";
		};
		6A681039215CB42800DA548B /* LaunchScreen.storyboard */ = {
			isa = PBXVariantGroup;
			children = (
				6A68103A215CB42800DA548B /* Base */,
			);
			name = LaunchScreen.storyboard;
			sourceTree = "<group>";
		};
/* End PBXVariantGroup section */

/* Begin XCBuildConfiguration section */
		6A68103F215CB42800DA548B /* Debug */ = {
			isa = XCBuildConfiguration;
			buildSettings = {
				ALWAYS_SEARCH_USER_PATHS = NO;
				CLANG_ANALYZER_NONNULL = YES;
				CLANG_ANALYZER_NUMBER_OBJECT_CONVERSION = YES_AGGRESSIVE;
				CLANG_CXX_LANGUAGE_STANDARD = "gnu++14";
				CLANG_CXX_LIBRARY = "libc++";
				CLANG_ENABLE_MODULES = YES;
				CLANG_ENABLE_OBJC_ARC = YES;
				CLANG_ENABLE_OBJC_WEAK = YES;
				CLANG_WARN_BLOCK_CAPTURE_AUTORELEASING = YES;
				CLANG_WARN_BOOL_CONVERSION = YES;
				CLANG_WARN_COMMA = YES;
				CLANG_WARN_CONSTANT_CONVERSION = YES;
				CLANG_WARN_DEPRECATED_OBJC_IMPLEMENTATIONS = YES;
				CLANG_WARN_DIRECT_OBJC_ISA_USAGE = YES_ERROR;
				CLANG_WARN_DOCUMENTATION_COMMENTS = YES;
				CLANG_WARN_EMPTY_BODY = YES;
				CLANG_WARN_ENUM_CONVERSION = YES;
				CLANG_WARN_INFINITE_RECURSION = YES;
				CLANG_WARN_INT_CONVERSION = YES;
				CLANG_WARN_NON_LITERAL_NULL_CONVERSION = YES;
				CLANG_WARN_OBJC_IMPLICIT_RETAIN_SELF = YES;
				CLANG_WARN_OBJC_LITERAL_CONVERSION = YES;
				CLANG_WARN_OBJC_ROOT_CLASS = YES_ERROR;
				CLANG_WARN_RANGE_LOOP_ANALYSIS = YES;
				CLANG_WARN_STRICT_PROTOTYPES = YES;
				CLANG_WARN_SUSPICIOUS_MOVE = YES;
				CLANG_WARN_UNGUARDED_AVAILABILITY = YES_AGGRESSIVE;
				CLANG_WARN_UNREACHABLE_CODE = YES;
				CLANG_WARN__DUPLICATE_METHOD_MATCH = YES;
				CODE_SIGN_IDENTITY = "iPhone Developer";
				COPY_PHASE_STRIP = NO;
				DEBUG_INFORMATION_FORMAT = dwarf;
				ENABLE_STRICT_OBJC_MSGSEND = YES;
				ENABLE_TESTABILITY = YES;
				GCC_C_LANGUAGE_STANDARD = gnu11;
				GCC_DYNAMIC_NO_PIC = NO;
				GCC_NO_COMMON_BLOCKS = YES;
				GCC_OPTIMIZATION_LEVEL = 0;
				GCC_PREPROCESSOR_DEFINITIONS = (
					"DEBUG=1",
					"$(inherited)",
				);
				GCC_WARN_64_TO_32_BIT_CONVERSION = YES;
				GCC_WARN_ABOUT_RETURN_TYPE = YES_ERROR;
				GCC_WARN_UNDECLARED_SELECTOR = YES;
				GCC_WARN_UNINITIALIZED_AUTOS = YES_AGGRESSIVE;
				GCC_WARN_UNUSED_FUNCTION = YES;
				GCC_WARN_UNUSED_VARIABLE = YES;
				IPHONEOS_DEPLOYMENT_TARGET = 12.0;
				MTL_ENABLE_DEBUG_INFO = INCLUDE_SOURCE;
				MTL_FAST_MATH = YES;
				ONLY_ACTIVE_ARCH = YES;
				SDKROOT = iphoneos;
			};
			name = Debug;
		};
		6A681040215CB42800DA548B /* Release */ = {
			isa = XCBuildConfiguration;
			buildSettings = {
				ALWAYS_SEARCH_USER_PATHS = NO;
				CLANG_ANALYZER_NONNULL = YES;
				CLANG_ANALYZER_NUMBER_OBJECT_CONVERSION = YES_AGGRESSIVE;
				CLANG_CXX_LANGUAGE_STANDARD = "gnu++14";
				CLANG_CXX_LIBRARY = "libc++";
				CLANG_ENABLE_MODULES = YES;
				CLANG_ENABLE_OBJC_ARC = YES;
				CLANG_ENABLE_OBJC_WEAK = YES;
				CLANG_WARN_BLOCK_CAPTURE_AUTORELEASING = YES;
				CLANG_WARN_BOOL_CONVERSION = YES;
				CLANG_WARN_COMMA = YES;
				CLANG_WARN_CONSTANT_CONVERSION = YES;
				CLANG_WARN_DEPRECATED_OBJC_IMPLEMENTATIONS = YES;
				CLANG_WARN_DIRECT_OBJC_ISA_USAGE = YES_ERROR;
				CLANG_WARN_DOCUMENTATION_COMMENTS = YES;
				CLANG_WARN_EMPTY_BODY = YES;
				CLANG_WARN_ENUM_CONVERSION = YES;
				CLANG_WARN_INFINITE_RECURSION = YES;
				CLANG_WARN_INT_CONVERSION = YES;
				CLANG_WARN_NON_LITERAL_NULL_CONVERSION = YES;
				CLANG_WARN_OBJC_IMPLICIT_RETAIN_SELF = YES;
				CLANG_WARN_OBJC_LITERAL_CONVERSION = YES;
				CLANG_WARN_OBJC_ROOT_CLASS = YES_ERROR;
				CLANG_WARN_RANGE_LOOP_ANALYSIS = YES;
				CLANG_WARN_STRICT_PROTOTYPES = YES;
				CLANG_WARN_SUSPICIOUS_MOVE = YES;
				CLANG_WARN_UNGUARDED_AVAILABILITY = YES_AGGRESSIVE;
				CLANG_WARN_UNREACHABLE_CODE = YES;
				CLANG_WARN__DUPLICATE_METHOD_MATCH = YES;
				CODE_SIGN_IDENTITY = "iPhone Developer";
				COPY_PHASE_STRIP = NO;
				DEBUG_INFORMATION_FORMAT = "dwarf-with-dsym";
				ENABLE_NS_ASSERTIONS = NO;
				ENABLE_STRICT_OBJC_MSGSEND = YES;
				GCC_C_LANGUAGE_STANDARD = gnu11;
				GCC_NO_COMMON_BLOCKS = YES;
				GCC_WARN_64_TO_32_BIT_CONVERSION = YES;
				GCC_WARN_ABOUT_RETURN_TYPE = YES_ERROR;
				GCC_WARN_UNDECLARED_SELECTOR = YES;
				GCC_WARN_UNINITIALIZED_AUTOS = YES_AGGRESSIVE;
				GCC_WARN_UNUSED_FUNCTION = YES;
				GCC_WARN_UNUSED_VARIABLE = YES;
				IPHONEOS_DEPLOYMENT_TARGET = 12.0;
				MTL_ENABLE_DEBUG_INFO = NO;
				MTL_FAST_MATH = YES;
				SDKROOT = iphoneos;
				VALIDATE_PRODUCT = YES;
			};
			name = Release;
		};
		6A681042215CB42800DA548B /* Debug */ = {
			isa = XCBuildConfiguration;
			buildSettings = {
				ASSETCATALOG_COMPILER_APPICON_NAME = AppIcon;
				CODE_SIGN_STYLE = Automatic;
				DEVELOPMENT_TEAM = 646P9H983T;
				INFOPLIST_FILE = BarCodetest/Info.plist;
				LD_RUNPATH_SEARCH_PATHS = (
					"$(inherited)",
					"@executable_path/Frameworks",
				);
				PRODUCT_BUNDLE_IDENTIFIER = minew.BarCodetest;
				PRODUCT_NAME = "$(TARGET_NAME)";
				TARGETED_DEVICE_FAMILY = "1,2";
			};
			name = Debug;
		};
		6A681043215CB42800DA548B /* Release */ = {
			isa = XCBuildConfiguration;
			buildSettings = {
				ASSETCATALOG_COMPILER_APPICON_NAME = AppIcon;
				CODE_SIGN_STYLE = Automatic;
				DEVELOPMENT_TEAM = 646P9H983T;
				INFOPLIST_FILE = BarCodetest/Info.plist;
				LD_RUNPATH_SEARCH_PATHS = (
					"$(inherited)",
					"@executable_path/Frameworks",
				);
				PRODUCT_BUNDLE_IDENTIFIER = minew.BarCodetest;
				PRODUCT_NAME = "$(TARGET_NAME)";
				TARGETED_DEVICE_FAMILY = "1,2";
			};
			name = Release;
		};
/* End XCBuildConfiguration section */

/* Begin XCConfigurationList section */
		6A681026215CB42700DA548B /* Build configuration list for PBXProject "BarCodetest" */ = {
			isa = XCConfigurationList;
			buildConfigurations = (
				6A68103F215CB42800DA548B /* Debug */,
				6A681040215CB42800DA548B /* Release */,
			);
			defaultConfigurationIsVisible = 0;
			defaultConfigurationName = Release;
		};
		6A681041215CB42800DA548B /* Build configuration list for PBXNativeTarget "BarCodetest" */ = {
			isa = XCConfigurationList;
			buildConfigurations = (
				6A681042215CB42800DA548B /* Debug */,
				6A681043215CB42800DA548B /* Release */,
			);
			defaultConfigurationIsVisible = 0;
			defaultConfigurationName = Release;
		};
/* End XCConfigurationList section */
	};
	rootObject = 6A681023215CB42700DA548B /* Project object */;
}
